PODS:
  - Flutter (1.0.0)
  - keyboardabserver (0.0.1):
    - Flutter

DEPENDENCIES:
  - Flutter (from `Flutter`)
  - keyboardabserver (from `.symlinks/plugins/keyboardabserver/ios`)

EXTERNAL SOURCES:
  Flutter:
    :path: Flutter
  keyboardabserver:
    :path: ".symlinks/plugins/keyboardabserver/ios"

SPEC CHECKSUMS:
  Flutter: 50d75fe2f02b26cc09d224853bb45737f8b3214a
  keyboardabserver: 8dc2ceddcf3c05be7180a00b724339b87142ddf8

PODFILE CHECKSUM: 8e679eca47255a8ca8067c4c67aab20e64cb974d

COCOAPODS: 1.11.2
